{
  "name": "odbc",
  "version": "1.4.1",
  "lockfileVersion": 1,
  "requires": true,
  "dependencies": {
    "node-addon-api": {
      "version": "1.3.0",
      "resolved": "https://registry.npmjs.org/node-addon-api/-/node-addon-api-1.3.0.tgz",
      "integrity": "sha512-yagD4yKkZLeG4EJkh+8Qbqhqw+owDQ/PowqD8vb5a5rfNXS/PRC21SGyIbUVXfPp/jl4s+jyeZj6xnLnDPLazw=="
    }
  }
}
